// !$*UTF8*$!
{
	archiveVersion = 1;
	classes = {
	};
	objectVersion = 46;
	objects = {

/* Begin PBXBuildFile section */
		0A22F2061F45790000628E70 /* Result.swift in Sources */ = {isa = PBXBuildFile; fileRef = 0A22F2051F45790000628E70 /* Result.swift */; };
		0A22F2081F45795100628E70 /* JsonObject.swift in Sources */ = {isa = PBXBuildFile; fileRef = 0A22F2071F45795100628E70 /* JsonObject.swift */; };
		0A22F20A1F4579A400628E70 /* NetworkRequest.swift in Sources */ = {isa = PBXBuildFile; fileRef = 0A22F2091F4579A400628E70 /* NetworkRequest.swift */; };
		0A22F20C1F4579EC00628E70 /* RealNetworkRequest.swift in Sources */ = {isa = PBXBuildFile; fileRef = 0A22F20B1F4579EC00628E70 /* RealNetworkRequest.swift */; };
		0A22F20E1F4580AB00628E70 /* DemoAdapter.swift in Sources */ = {isa = PBXBuildFile; fileRef = 0A22F20D1F4580AB00628E70 /* DemoAdapter.swift */; };
		0A3900D71F178CBE00C4594E /* RootRouter.swift in Sources */ = {isa = PBXBuildFile; fileRef = 0A3900D61F178CBE00C4594E /* RootRouter.swift */; };
		0A3900FF1F178FD200C4594E /* BaseContract.swift in Sources */ = {isa = PBXBuildFile; fileRef = 0A3900FE1F178FD200C4594E /* BaseContract.swift */; };
		0A39011F1F17918A00C4594E /* UIStoryboard.swift in Sources */ = {isa = PBXBuildFile; fileRef = 0A39011E1F17918A00C4594E /* UIStoryboard.swift */; };
		0A9508EF1F17921400581CE8 /* StoryboardLoadable.swift in Sources */ = {isa = PBXBuildFile; fileRef = 0A9508EE1F17921400581CE8 /* StoryboardLoadable.swift */; };
		0A9508F51F1792C100581CE8 /* SplashContract.swift in Sources */ = {isa = PBXBuildFile; fileRef = 0A9508F01F1792C100581CE8 /* SplashContract.swift */; };
		0A9508F61F1792C100581CE8 /* SplashInteractor.swift in Sources */ = {isa = PBXBuildFile; fileRef = 0A9508F11F1792C100581CE8 /* SplashInteractor.swift */; };
		0A9508F71F1792C100581CE8 /* SplashPresenter.swift in Sources */ = {isa = PBXBuildFile; fileRef = 0A9508F21F1792C100581CE8 /* SplashPresenter.swift */; };
		0A9508F81F1792C100581CE8 /* SplashRouter.swift in Sources */ = {isa = PBXBuildFile; fileRef = 0A9508F31F1792C100581CE8 /* SplashRouter.swift */; };
		0A9508F91F1792C100581CE8 /* SplashViewController.swift in Sources */ = {isa = PBXBuildFile; fileRef = 0A9508F41F1792C100581CE8 /* SplashViewController.swift */; };
		0A9508FD1F17B7EA00581CE8 /* Splash.storyboard in Resources */ = {isa = PBXBuildFile; fileRef = 0A9508FC1F17B7EA00581CE8 /* Splash.storyboard */; };
		0AA207BA1F175BC100315FDC /* AppDelegate.swift in Sources */ = {isa = PBXBuildFile; fileRef = 0AA207B91F175BC100315FDC /* AppDelegate.swift */; };
		0AA207C11F175BC200315FDC /* Assets.xcassets in Resources */ = {isa = PBXBuildFile; fileRef = 0AA207C01F175BC200315FDC /* Assets.xcassets */; };
		0AA207C41F175BC200315FDC /* LaunchScreen.storyboard in Resources */ = {isa = PBXBuildFile; fileRef = 0AA207C21F175BC200315FDC /* LaunchScreen.storyboard */; };
		0AA207F91F17667F00315FDC /* ValidationHelper.swift in Sources */ = {isa = PBXBuildFile; fileRef = 0AA207F81F17667F00315FDC /* ValidationHelper.swift */; };
		0AA207FB1F17677900315FDC /* UIAlertController.swift in Sources */ = {isa = PBXBuildFile; fileRef = 0AA207FA1F17677900315FDC /* UIAlertController.swift */; };
		0AA207FD1F17681600315FDC /* UIViewController.swift in Sources */ = {isa = PBXBuildFile; fileRef = 0AA207FC1F17681600315FDC /* UIViewController.swift */; };
		0AA208001F17685400315FDC /* ReusableView.swift in Sources */ = {isa = PBXBuildFile; fileRef = 0AA207FF1F17685400315FDC /* ReusableView.swift */; };
		0AA208021F17690100315FDC /* String.swift in Sources */ = {isa = PBXBuildFile; fileRef = 0AA208011F17690100315FDC /* String.swift */; };
		0AA208041F176DF000315FDC /* Error.swift in Sources */ = {isa = PBXBuildFile; fileRef = 0AA208031F176DF000315FDC /* Error.swift */; };
		0AA208061F176E1400315FDC /* NSNumber.swift in Sources */ = {isa = PBXBuildFile; fileRef = 0AA208051F176E1400315FDC /* NSNumber.swift */; };
		0AA2080A1F176EC500315FDC /* UITableView.swift in Sources */ = {isa = PBXBuildFile; fileRef = 0AA208091F176EC500315FDC /* UITableView.swift */; };
		0AA2080C1F176EE400315FDC /* NibLoadableView.swift in Sources */ = {isa = PBXBuildFile; fileRef = 0AA2080B1F176EE400315FDC /* NibLoadableView.swift */; };
		0AA208111F17702800315FDC /* Constants.swift in Sources */ = {isa = PBXBuildFile; fileRef = 0AA208101F17702800315FDC /* Constants.swift */; };
		0AA208131F1770F800315FDC /* UIColor+Pallet.swift in Sources */ = {isa = PBXBuildFile; fileRef = 0AA208121F1770F800315FDC /* UIColor+Pallet.swift */; };
		0AA208151F17714900315FDC /* UIFont+Utils.swift in Sources */ = {isa = PBXBuildFile; fileRef = 0AA208141F17714900315FDC /* UIFont+Utils.swift */; };
		0AA208171F17716B00315FDC /* UIImage+Icons.swift in Sources */ = {isa = PBXBuildFile; fileRef = 0AA208161F17716B00315FDC /* UIImage+Icons.swift */; };
		0AA2081B1F1771DD00315FDC /* UITableViewCell.swift in Sources */ = {isa = PBXBuildFile; fileRef = 0AA2081A1F1771DD00315FDC /* UITableViewCell.swift */; };
		0AA2081D1F17720900315FDC /* UITextField+Border.swift in Sources */ = {isa = PBXBuildFile; fileRef = 0AA2081C1F17720900315FDC /* UITextField+Border.swift */; };
		0AA2081F1F17721F00315FDC /* UIView.swift in Sources */ = {isa = PBXBuildFile; fileRef = 0AA2081E1F17721F00315FDC /* UIView.swift */; };
		0AA208221F1772B700315FDC /* InverterButton.swift in Sources */ = {isa = PBXBuildFile; fileRef = 0AA208211F1772B700315FDC /* InverterButton.swift */; };
		0AA208241F1772EF00315FDC /* RoundedTextField.swift in Sources */ = {isa = PBXBuildFile; fileRef = 0AA208231F1772EF00315FDC /* RoundedTextField.swift */; };
		0AA208261F17730900315FDC /* SimpleCircle.swift in Sources */ = {isa = PBXBuildFile; fileRef = 0AA208251F17730900315FDC /* SimpleCircle.swift */; };
		0AA208341F1773F000315FDC /* SectionHeaderLabelCell.swift in Sources */ = {isa = PBXBuildFile; fileRef = 0AA208321F1773F000315FDC /* SectionHeaderLabelCell.swift */; };
		0AA208351F1773F000315FDC /* SectionHeaderLabelCell.xib in Resources */ = {isa = PBXBuildFile; fileRef = 0AA208331F1773F000315FDC /* SectionHeaderLabelCell.xib */; };
		0AA208371F17780800315FDC /* Keychain.swift in Sources */ = {isa = PBXBuildFile; fileRef = 0AA208361F17780800315FDC /* Keychain.swift */; };
		0AA208421F177F1A00315FDC /* BaseViewController.swift in Sources */ = {isa = PBXBuildFile; fileRef = 0AA208411F177F1A00315FDC /* BaseViewController.swift */; };
		0AA208461F17804000315FDC /* Localizable.strings in Resources */ = {isa = PBXBuildFile; fileRef = 0AA208481F17804000315FDC /* Localizable.strings */; };
		0AA77DC91F30ABF10048ACB1 /* NSError.swift in Sources */ = {isa = PBXBuildFile; fileRef = 0AA77DC81F30ABF10048ACB1 /* NSError.swift */; };
		0AB6484F1F45B18C00FA8D4F /* JsonParser.swift in Sources */ = {isa = PBXBuildFile; fileRef = 0AB6484E1F45B18C00FA8D4F /* JsonParser.swift */; };
		0AB648591F45B83C00FA8D4F /* TemplateSwift3Tests.swift in Sources */ = {isa = PBXBuildFile; fileRef = 0AB648581F45B83C00FA8D4F /* TemplateSwift3Tests.swift */; };
		0AB648611F45BFA500FA8D4F /* UIImageView.swift in Sources */ = {isa = PBXBuildFile; fileRef = 0AB648601F45BFA500FA8D4F /* UIImageView.swift */; };
		0AC73D281F17D1E600D7C808 /* SessionManager.swift in Sources */ = {isa = PBXBuildFile; fileRef = 0AC73D271F17D1E600D7C808 /* SessionManager.swift */; };
		413D24021F322F0C00AA7A65 /* Router.swift in Sources */ = {isa = PBXBuildFile; fileRef = 413D24011F322F0C00AA7A65 /* Router.swift */; };
		413D24051F32329D00AA7A65 /* PostDemoModel.swift in Sources */ = {isa = PBXBuildFile; fileRef = 413D24041F32329D00AA7A65 /* PostDemoModel.swift */; };
		4169982D1F47691100F25519 /* NetworkError.swift in Sources */ = {isa = PBXBuildFile; fileRef = 4169982C1F47691100F25519 /* NetworkError.swift */; };
		4169982F1F4887BC00F25519 /* EntityError.swift in Sources */ = {isa = PBXBuildFile; fileRef = 4169982E1F4887BC00F25519 /* EntityError.swift */; };
		416998311F4889D100F25519 /* Data.swift in Sources */ = {isa = PBXBuildFile; fileRef = 416998301F4889D100F25519 /* Data.swift */; };
		814674AB63C249949F9BBE5B /* Pods_TemplateSwift3.framework in Frameworks */ = {isa = PBXBuildFile; fileRef = 0AF3CB0C0B8C8549FD0A003E /* Pods_TemplateSwift3.framework */; };
		E24A134CE1D7B1407039F9D5 /* Pods_TemplateSwift3Tests.framework in Frameworks */ = {isa = PBXBuildFile; fileRef = 432C8E5230ED52F4A00BEA23 /* Pods_TemplateSwift3Tests.framework */; };
/* End PBXBuildFile section */

/* Begin PBXContainerItemProxy section */
		0AB6485B1F45B83C00FA8D4F /* PBXContainerItemProxy */ = {
			isa = PBXContainerItemProxy;
			containerPortal = 0AA207AE1F175BC100315FDC /* Project object */;
			proxyType = 1;
			remoteGlobalIDString = 0AA207B51F175BC100315FDC;
			remoteInfo = TemplateSwift3;
		};
/* End PBXContainerItemProxy section */

/* Begin PBXFileReference section */
		0A22F2051F45790000628E70 /* Result.swift */ = {isa = PBXFileReference; fileEncoding = 4; lastKnownFileType = sourcecode.swift; name = Result.swift; path = NetworkResponse/Result.swift; sourceTree = "<group>"; };
		0A22F2071F45795100628E70 /* JsonObject.swift */ = {isa = PBXFileReference; fileEncoding = 4; lastKnownFileType = sourcecode.swift; name = JsonObject.swift; path = NetworkResponse/JsonObject.swift; sourceTree = "<group>"; };
		0A22F2091F4579A400628E70 /* NetworkRequest.swift */ = {isa = PBXFileReference; fileEncoding = 4; lastKnownFileType = sourcecode.swift; name = NetworkRequest.swift; path = NetworkRequest/NetworkRequest.swift; sourceTree = "<group>"; };
		0A22F20B1F4579EC00628E70 /* RealNetworkRequest.swift */ = {isa = PBXFileReference; fileEncoding = 4; lastKnownFileType = sourcecode.swift; name = RealNetworkRequest.swift; path = NetworkRequest/RealNetworkRequest.swift; sourceTree = "<group>"; };
		0A22F20D1F4580AB00628E70 /* DemoAdapter.swift */ = {isa = PBXFileReference; fileEncoding = 4; lastKnownFileType = sourcecode.swift; name = DemoAdapter.swift; path = NetworkRequest/DemoAdapter.swift; sourceTree = "<group>"; };
		0A3900D61F178CBE00C4594E /* RootRouter.swift */ = {isa = PBXFileReference; fileEncoding = 4; lastKnownFileType = sourcecode.swift; path = RootRouter.swift; sourceTree = "<group>"; };
		0A3900FE1F178FD200C4594E /* BaseContract.swift */ = {isa = PBXFileReference; fileEncoding = 4; lastKnownFileType = sourcecode.swift; path = BaseContract.swift; sourceTree = "<group>"; };
		0A39011E1F17918A00C4594E /* UIStoryboard.swift */ = {isa = PBXFileReference; fileEncoding = 4; lastKnownFileType = sourcecode.swift; path = UIStoryboard.swift; sourceTree = "<group>"; };
		0A9508EE1F17921400581CE8 /* StoryboardLoadable.swift */ = {isa = PBXFileReference; fileEncoding = 4; lastKnownFileType = sourcecode.swift; path = StoryboardLoadable.swift; sourceTree = "<group>"; };
		0A9508F01F1792C100581CE8 /* SplashContract.swift */ = {isa = PBXFileReference; fileEncoding = 4; lastKnownFileType = sourcecode.swift; path = SplashContract.swift; sourceTree = "<group>"; };
		0A9508F11F1792C100581CE8 /* SplashInteractor.swift */ = {isa = PBXFileReference; fileEncoding = 4; lastKnownFileType = sourcecode.swift; path = SplashInteractor.swift; sourceTree = "<group>"; };
		0A9508F21F1792C100581CE8 /* SplashPresenter.swift */ = {isa = PBXFileReference; fileEncoding = 4; lastKnownFileType = sourcecode.swift; path = SplashPresenter.swift; sourceTree = "<group>"; };
		0A9508F31F1792C100581CE8 /* SplashRouter.swift */ = {isa = PBXFileReference; fileEncoding = 4; lastKnownFileType = sourcecode.swift; path = SplashRouter.swift; sourceTree = "<group>"; };
		0A9508F41F1792C100581CE8 /* SplashViewController.swift */ = {isa = PBXFileReference; fileEncoding = 4; lastKnownFileType = sourcecode.swift; path = SplashViewController.swift; sourceTree = "<group>"; };
		0A9508FC1F17B7EA00581CE8 /* Splash.storyboard */ = {isa = PBXFileReference; fileEncoding = 4; lastKnownFileType = file.storyboard; path = Splash.storyboard; sourceTree = "<group>"; };
		0AA207B61F175BC100315FDC /* TemplateSwift3.app */ = {isa = PBXFileReference; explicitFileType = wrapper.application; includeInIndex = 0; path = TemplateSwift3.app; sourceTree = BUILT_PRODUCTS_DIR; };
		0AA207B91F175BC100315FDC /* AppDelegate.swift */ = {isa = PBXFileReference; lastKnownFileType = sourcecode.swift; path = AppDelegate.swift; sourceTree = "<group>"; };
		0AA207C01F175BC200315FDC /* Assets.xcassets */ = {isa = PBXFileReference; lastKnownFileType = folder.assetcatalog; path = Assets.xcassets; sourceTree = "<group>"; };
		0AA207C31F175BC200315FDC /* Base */ = {isa = PBXFileReference; lastKnownFileType = file.storyboard; name = Base; path = Base.lproj/LaunchScreen.storyboard; sourceTree = "<group>"; };
		0AA207C51F175BC200315FDC /* Info.plist */ = {isa = PBXFileReference; lastKnownFileType = text.plist.xml; path = Info.plist; sourceTree = "<group>"; };
		0AA207F81F17667F00315FDC /* ValidationHelper.swift */ = {isa = PBXFileReference; fileEncoding = 4; lastKnownFileType = sourcecode.swift; path = ValidationHelper.swift; sourceTree = "<group>"; };
		0AA207FA1F17677900315FDC /* UIAlertController.swift */ = {isa = PBXFileReference; fileEncoding = 4; lastKnownFileType = sourcecode.swift; path = UIAlertController.swift; sourceTree = "<group>"; };
		0AA207FC1F17681600315FDC /* UIViewController.swift */ = {isa = PBXFileReference; fileEncoding = 4; lastKnownFileType = sourcecode.swift; path = UIViewController.swift; sourceTree = "<group>"; };
		0AA207FF1F17685400315FDC /* ReusableView.swift */ = {isa = PBXFileReference; fileEncoding = 4; lastKnownFileType = sourcecode.swift; path = ReusableView.swift; sourceTree = "<group>"; };
		0AA208011F17690100315FDC /* String.swift */ = {isa = PBXFileReference; fileEncoding = 4; lastKnownFileType = sourcecode.swift; path = String.swift; sourceTree = "<group>"; };
		0AA208031F176DF000315FDC /* Error.swift */ = {isa = PBXFileReference; fileEncoding = 4; lastKnownFileType = sourcecode.swift; path = Error.swift; sourceTree = "<group>"; };
		0AA208051F176E1400315FDC /* NSNumber.swift */ = {isa = PBXFileReference; fileEncoding = 4; lastKnownFileType = sourcecode.swift; path = NSNumber.swift; sourceTree = "<group>"; };
		0AA208091F176EC500315FDC /* UITableView.swift */ = {isa = PBXFileReference; fileEncoding = 4; lastKnownFileType = sourcecode.swift; path = UITableView.swift; sourceTree = "<group>"; };
		0AA2080B1F176EE400315FDC /* NibLoadableView.swift */ = {isa = PBXFileReference; fileEncoding = 4; lastKnownFileType = sourcecode.swift; path = NibLoadableView.swift; sourceTree = "<group>"; };
		0AA208101F17702800315FDC /* Constants.swift */ = {isa = PBXFileReference; fileEncoding = 4; lastKnownFileType = sourcecode.swift; path = Constants.swift; sourceTree = "<group>"; };
		0AA208121F1770F800315FDC /* UIColor+Pallet.swift */ = {isa = PBXFileReference; fileEncoding = 4; lastKnownFileType = sourcecode.swift; path = "UIColor+Pallet.swift"; sourceTree = "<group>"; };
		0AA208141F17714900315FDC /* UIFont+Utils.swift */ = {isa = PBXFileReference; fileEncoding = 4; lastKnownFileType = sourcecode.swift; path = "UIFont+Utils.swift"; sourceTree = "<group>"; };
		0AA208161F17716B00315FDC /* UIImage+Icons.swift */ = {isa = PBXFileReference; fileEncoding = 4; lastKnownFileType = sourcecode.swift; path = "UIImage+Icons.swift"; sourceTree = "<group>"; };
		0AA2081A1F1771DD00315FDC /* UITableViewCell.swift */ = {isa = PBXFileReference; fileEncoding = 4; lastKnownFileType = sourcecode.swift; path = UITableViewCell.swift; sourceTree = "<group>"; };
		0AA2081C1F17720900315FDC /* UITextField+Border.swift */ = {isa = PBXFileReference; fileEncoding = 4; lastKnownFileType = sourcecode.swift; path = "UITextField+Border.swift"; sourceTree = "<group>"; };
		0AA2081E1F17721F00315FDC /* UIView.swift */ = {isa = PBXFileReference; fileEncoding = 4; lastKnownFileType = sourcecode.swift; path = UIView.swift; sourceTree = "<group>"; };
		0AA208211F1772B700315FDC /* InverterButton.swift */ = {isa = PBXFileReference; fileEncoding = 4; lastKnownFileType = sourcecode.swift; path = InverterButton.swift; sourceTree = "<group>"; };
		0AA208231F1772EF00315FDC /* RoundedTextField.swift */ = {isa = PBXFileReference; fileEncoding = 4; lastKnownFileType = sourcecode.swift; path = RoundedTextField.swift; sourceTree = "<group>"; };
		0AA208251F17730900315FDC /* SimpleCircle.swift */ = {isa = PBXFileReference; fileEncoding = 4; lastKnownFileType = sourcecode.swift; path = SimpleCircle.swift; sourceTree = "<group>"; };
		0AA208321F1773F000315FDC /* SectionHeaderLabelCell.swift */ = {isa = PBXFileReference; fileEncoding = 4; lastKnownFileType = sourcecode.swift; path = SectionHeaderLabelCell.swift; sourceTree = "<group>"; };
		0AA208331F1773F000315FDC /* SectionHeaderLabelCell.xib */ = {isa = PBXFileReference; fileEncoding = 4; lastKnownFileType = file.xib; path = SectionHeaderLabelCell.xib; sourceTree = "<group>"; };
		0AA208361F17780800315FDC /* Keychain.swift */ = {isa = PBXFileReference; fileEncoding = 4; lastKnownFileType = sourcecode.swift; path = Keychain.swift; sourceTree = "<group>"; };
		0AA208411F177F1A00315FDC /* BaseViewController.swift */ = {isa = PBXFileReference; fileEncoding = 4; lastKnownFileType = sourcecode.swift; path = BaseViewController.swift; sourceTree = "<group>"; };
		0AA208471F17804000315FDC /* en */ = {isa = PBXFileReference; lastKnownFileType = text.plist.strings; name = en; path = en.lproj/Localizable.strings; sourceTree = "<group>"; };
		0AA208491F17804200315FDC /* Base */ = {isa = PBXFileReference; lastKnownFileType = text.plist.strings; name = Base; path = Base.lproj/Localizable.strings; sourceTree = "<group>"; };
		0AA77DC81F30ABF10048ACB1 /* NSError.swift */ = {isa = PBXFileReference; fileEncoding = 4; lastKnownFileType = sourcecode.swift; path = NSError.swift; sourceTree = "<group>"; };
		0AB6484E1F45B18C00FA8D4F /* JsonParser.swift */ = {isa = PBXFileReference; fileEncoding = 4; lastKnownFileType = sourcecode.swift; name = JsonParser.swift; path = NetworkResponse/JsonParser.swift; sourceTree = "<group>"; };
		0AB648561F45B83C00FA8D4F /* TemplateSwift3Tests.xctest */ = {isa = PBXFileReference; explicitFileType = wrapper.cfbundle; includeInIndex = 0; path = TemplateSwift3Tests.xctest; sourceTree = BUILT_PRODUCTS_DIR; };
		0AB648581F45B83C00FA8D4F /* TemplateSwift3Tests.swift */ = {isa = PBXFileReference; lastKnownFileType = sourcecode.swift; path = TemplateSwift3Tests.swift; sourceTree = "<group>"; };
		0AB6485A1F45B83C00FA8D4F /* Info.plist */ = {isa = PBXFileReference; lastKnownFileType = text.plist.xml; path = Info.plist; sourceTree = "<group>"; };
		0AB648601F45BFA500FA8D4F /* UIImageView.swift */ = {isa = PBXFileReference; fileEncoding = 4; lastKnownFileType = sourcecode.swift; path = UIImageView.swift; sourceTree = "<group>"; };
		0AC73D271F17D1E600D7C808 /* SessionManager.swift */ = {isa = PBXFileReference; fileEncoding = 4; lastKnownFileType = sourcecode.swift; name = SessionManager.swift; path = NetworkRequest/SessionManager.swift; sourceTree = "<group>"; };
		0AF3CB0C0B8C8549FD0A003E /* Pods_TemplateSwift3.framework */ = {isa = PBXFileReference; explicitFileType = wrapper.framework; includeInIndex = 0; path = Pods_TemplateSwift3.framework; sourceTree = BUILT_PRODUCTS_DIR; };
		3D612730CC12FC3FEE9D131B /* Pods-TemplateSwift3Tests.release.xcconfig */ = {isa = PBXFileReference; includeInIndex = 1; lastKnownFileType = text.xcconfig; name = "Pods-TemplateSwift3Tests.release.xcconfig"; path = "Pods/Target Support Files/Pods-TemplateSwift3Tests/Pods-TemplateSwift3Tests.release.xcconfig"; sourceTree = "<group>"; };
		413D24011F322F0C00AA7A65 /* Router.swift */ = {isa = PBXFileReference; fileEncoding = 4; lastKnownFileType = sourcecode.swift; name = Router.swift; path = NetworkRequest/Router.swift; sourceTree = "<group>"; };
		413D24041F32329D00AA7A65 /* PostDemoModel.swift */ = {isa = PBXFileReference; fileEncoding = 4; lastKnownFileType = sourcecode.swift; path = PostDemoModel.swift; sourceTree = "<group>"; };
		4169982C1F47691100F25519 /* NetworkError.swift */ = {isa = PBXFileReference; fileEncoding = 4; lastKnownFileType = sourcecode.swift; name = NetworkError.swift; path = NetworkResponse/NetworkError.swift; sourceTree = "<group>"; };
		4169982E1F4887BC00F25519 /* EntityError.swift */ = {isa = PBXFileReference; fileEncoding = 4; lastKnownFileType = sourcecode.swift; path = EntityError.swift; sourceTree = "<group>"; };
		416998301F4889D100F25519 /* Data.swift */ = {isa = PBXFileReference; fileEncoding = 4; lastKnownFileType = sourcecode.swift; path = Data.swift; sourceTree = "<group>"; };
		432C8E5230ED52F4A00BEA23 /* Pods_TemplateSwift3Tests.framework */ = {isa = PBXFileReference; explicitFileType = wrapper.framework; includeInIndex = 0; path = Pods_TemplateSwift3Tests.framework; sourceTree = BUILT_PRODUCTS_DIR; };
		97ADCAF06AD850025AC6042E /* Pods-TemplateSwift3.release.xcconfig */ = {isa = PBXFileReference; includeInIndex = 1; lastKnownFileType = text.xcconfig; name = "Pods-TemplateSwift3.release.xcconfig"; path = "Pods/Target Support Files/Pods-TemplateSwift3/Pods-TemplateSwift3.release.xcconfig"; sourceTree = "<group>"; };
		A7B826E67A88EBB144DA87A2 /* Pods-TemplateSwift3.debug.xcconfig */ = {isa = PBXFileReference; includeInIndex = 1; lastKnownFileType = text.xcconfig; name = "Pods-TemplateSwift3.debug.xcconfig"; path = "Pods/Target Support Files/Pods-TemplateSwift3/Pods-TemplateSwift3.debug.xcconfig"; sourceTree = "<group>"; };
		B78846AA1B3859D907D883DD /* Pods-TemplateSwift3Tests.debug.xcconfig */ = {isa = PBXFileReference; includeInIndex = 1; lastKnownFileType = text.xcconfig; name = "Pods-TemplateSwift3Tests.debug.xcconfig"; path = "Pods/Target Support Files/Pods-TemplateSwift3Tests/Pods-TemplateSwift3Tests.debug.xcconfig"; sourceTree = "<group>"; };
/* End PBXFileReference section */

/* Begin PBXFrameworksBuildPhase section */
		0AA207B31F175BC100315FDC /* Frameworks */ = {
			isa = PBXFrameworksBuildPhase;
			buildActionMask = 2147483647;
			files = (
				814674AB63C249949F9BBE5B /* Pods_TemplateSwift3.framework in Frameworks */,
			);
			runOnlyForDeploymentPostprocessing = 0;
		};
		0AB648531F45B83C00FA8D4F /* Frameworks */ = {
			isa = PBXFrameworksBuildPhase;
			buildActionMask = 2147483647;
			files = (
				E24A134CE1D7B1407039F9D5 /* Pods_TemplateSwift3Tests.framework in Frameworks */,
			);
			runOnlyForDeploymentPostprocessing = 0;
		};
/* End PBXFrameworksBuildPhase section */

/* Begin PBXGroup section */
		0A22F2041F4578DC00628E70 /* NetworkLayer */ = {
			isa = PBXGroup;
			children = (
				0A22F20D1F4580AB00628E70 /* DemoAdapter.swift */,
				0A22F20B1F4579EC00628E70 /* RealNetworkRequest.swift */,
				0AC73D271F17D1E600D7C808 /* SessionManager.swift */,
				416998351F48973F00F25519 /* Protocols */,
				416998341F48973300F25519 /* Enums */,
			);
			path = NetworkLayer;
			sourceTree = "<group>";
		};
		0A3900D81F178DC600C4594E /* View */ = {
			isa = PBXGroup;
			children = (
				0AA208411F177F1A00315FDC /* BaseViewController.swift */,
			);
			path = View;
			sourceTree = "<group>";
		};
		0A3900EB1F178EE300C4594E /* SplashView */ = {
			isa = PBXGroup;
			children = (
				0A9508FC1F17B7EA00581CE8 /* Splash.storyboard */,
				0A9508F01F1792C100581CE8 /* SplashContract.swift */,
				0A9508F11F1792C100581CE8 /* SplashInteractor.swift */,
				0A9508F21F1792C100581CE8 /* SplashPresenter.swift */,
				0A9508F31F1792C100581CE8 /* SplashRouter.swift */,
				0A9508F41F1792C100581CE8 /* SplashViewController.swift */,
			);
			path = SplashView;
			sourceTree = "<group>";
		};
		0AA207AD1F175BC100315FDC = {
			isa = PBXGroup;
			children = (
				C2976F7C18AFA7E9CB108341 /* Frameworks */,
				C673058B0DF95B8FF3F65577 /* Pods */,
				0AA207B71F175BC100315FDC /* Products */,
				0AA207B81F175BC100315FDC /* TemplateSwift3 */,
				0AB648571F45B83C00FA8D4F /* TemplateSwift3Tests */,
			);
			sourceTree = "<group>";
		};
		0AA207B71F175BC100315FDC /* Products */ = {
			isa = PBXGroup;
			children = (
				0AA207B61F175BC100315FDC /* TemplateSwift3.app */,
				0AB648561F45B83C00FA8D4F /* TemplateSwift3Tests.xctest */,
			);
			name = Products;
			sourceTree = "<group>";
		};
		0AA207B81F175BC100315FDC /* TemplateSwift3 */ = {
			isa = PBXGroup;
			children = (
				0AA207F01F175DB200315FDC /* Application */,
				0AA207EF1F175DA100315FDC /* Assets */,
				0AA207ED1F175D7800315FDC /* Entities */,
				0AA207E71F175BFA00315FDC /* Modules */,
				0A22F2041F4578DC00628E70 /* NetworkLayer */,
				0AA207EE1F175D9A00315FDC /* Utils */,
				0AA207C51F175BC200315FDC /* Info.plist */,
			);
			path = TemplateSwift3;
			sourceTree = "<group>";
		};
		0AA207E71F175BFA00315FDC /* Modules */ = {
			isa = PBXGroup;
			children = (
				0AA208401F177F0800315FDC /* Base */,
				0A3900EB1F178EE300C4594E /* SplashView */,
			);
			path = Modules;
			sourceTree = "<group>";
		};
		0AA207ED1F175D7800315FDC /* Entities */ = {
			isa = PBXGroup;
			children = (
				413D24031F32326F00AA7A65 /* NetworkModels */,
			);
			path = Entities;
			sourceTree = "<group>";
		};
		0AA207EE1F175D9A00315FDC /* Utils */ = {
			isa = PBXGroup;
			children = (
				0AA2080F1F176F6E00315FDC /* Constants */,
				0AA207F41F175E7800315FDC /* DataManagers */,
				0AA208271F17734A00315FDC /* Enums */,
				0AA207F61F17665000315FDC /* Extensions */,
				0AA207F71F17666500315FDC /* Helpers */,
				0AA208201F17729C00315FDC /* IBDesignables */,
				0AA207FE1F17683E00315FDC /* Protocols */,
				0AA208281F17735200315FDC /* Structs */,
				0AA2080D1F176F4800315FDC /* UIViews */,
			);
			path = Utils;
			sourceTree = "<group>";
		};
		0AA207EF1F175DA100315FDC /* Assets */ = {
			isa = PBXGroup;
			children = (
				0AA207F11F175E4700315FDC /* Fonts */,
				0AA207F21F175E4D00315FDC /* Images */,
				0AA207F31F175E5800315FDC /* Strings */,
			);
			path = Assets;
			sourceTree = "<group>";
		};
		0AA207F01F175DB200315FDC /* Application */ = {
			isa = PBXGroup;
			children = (
				0AA207B91F175BC100315FDC /* AppDelegate.swift */,
				0AA207C21F175BC200315FDC /* LaunchScreen.storyboard */,
				0A3900D61F178CBE00C4594E /* RootRouter.swift */,
			);
			path = Application;
			sourceTree = "<group>";
		};
		0AA207F11F175E4700315FDC /* Fonts */ = {
			isa = PBXGroup;
			children = (
			);
			path = Fonts;
			sourceTree = "<group>";
		};
		0AA207F21F175E4D00315FDC /* Images */ = {
			isa = PBXGroup;
			children = (
				0AA207C01F175BC200315FDC /* Assets.xcassets */,
			);
			path = Images;
			sourceTree = "<group>";
		};
		0AA207F31F175E5800315FDC /* Strings */ = {
			isa = PBXGroup;
			children = (
				0AA208481F17804000315FDC /* Localizable.strings */,
			);
			path = Strings;
			sourceTree = "<group>";
		};
		0AA207F41F175E7800315FDC /* DataManagers */ = {
			isa = PBXGroup;
			children = (
				0AA208071F176E7200315FDC /* Api */,
				0AA208081F176E7D00315FDC /* Local */,
			);
			path = DataManagers;
			sourceTree = "<group>";
		};
		0AA207F61F17665000315FDC /* Extensions */ = {
			isa = PBXGroup;
			children = (
				416998301F4889D100F25519 /* Data.swift */,
				0AA208031F176DF000315FDC /* Error.swift */,
				0AA77DC81F30ABF10048ACB1 /* NSError.swift */,
				0AA208051F176E1400315FDC /* NSNumber.swift */,
				0AA208011F17690100315FDC /* String.swift */,
				0AA207FA1F17677900315FDC /* UIAlertController.swift */,
				0AA208121F1770F800315FDC /* UIColor+Pallet.swift */,
				0AA208141F17714900315FDC /* UIFont+Utils.swift */,
				0AA208161F17716B00315FDC /* UIImage+Icons.swift */,
				0AB648601F45BFA500FA8D4F /* UIImageView.swift */,
				0A39011E1F17918A00C4594E /* UIStoryboard.swift */,
				0AA208091F176EC500315FDC /* UITableView.swift */,
				0AA2081A1F1771DD00315FDC /* UITableViewCell.swift */,
				0AA2081C1F17720900315FDC /* UITextField+Border.swift */,
				0AA2081E1F17721F00315FDC /* UIView.swift */,
				0AA207FC1F17681600315FDC /* UIViewController.swift */,
			);
			path = Extensions;
			sourceTree = "<group>";
		};
		0AA207F71F17666500315FDC /* Helpers */ = {
			isa = PBXGroup;
			children = (
				0AA208361F17780800315FDC /* Keychain.swift */,
				0AA207F81F17667F00315FDC /* ValidationHelper.swift */,
			);
			path = Helpers;
			sourceTree = "<group>";
		};
		0AA207FE1F17683E00315FDC /* Protocols */ = {
			isa = PBXGroup;
			children = (
				0AA2080B1F176EE400315FDC /* NibLoadableView.swift */,
				0AA207FF1F17685400315FDC /* ReusableView.swift */,
				0A9508EE1F17921400581CE8 /* StoryboardLoadable.swift */,
			);
			path = Protocols;
			sourceTree = "<group>";
		};
		0AA208071F176E7200315FDC /* Api */ = {
			isa = PBXGroup;
			children = (
			);
			path = Api;
			sourceTree = "<group>";
		};
		0AA208081F176E7D00315FDC /* Local */ = {
			isa = PBXGroup;
			children = (
			);
			path = Local;
			sourceTree = "<group>";
		};
		0AA2080D1F176F4800315FDC /* UIViews */ = {
			isa = PBXGroup;
			children = (
				0AA2080E1F176F5A00315FDC /* TableViewCells */,
			);
			path = UIViews;
			sourceTree = "<group>";
		};
		0AA2080E1F176F5A00315FDC /* TableViewCells */ = {
			isa = PBXGroup;
			children = (
				0AA208311F1773B100315FDC /* SectionHeaderLabelCell */,
			);
			path = TableViewCells;
			sourceTree = "<group>";
		};
		0AA2080F1F176F6E00315FDC /* Constants */ = {
			isa = PBXGroup;
			children = (
				0AA208101F17702800315FDC /* Constants.swift */,
			);
			path = Constants;
			sourceTree = "<group>";
		};
		0AA208201F17729C00315FDC /* IBDesignables */ = {
			isa = PBXGroup;
			children = (
				0AA208211F1772B700315FDC /* InverterButton.swift */,
				0AA208231F1772EF00315FDC /* RoundedTextField.swift */,
				0AA208251F17730900315FDC /* SimpleCircle.swift */,
			);
			path = IBDesignables;
			sourceTree = "<group>";
		};
		0AA208271F17734A00315FDC /* Enums */ = {
			isa = PBXGroup;
			children = (
			);
			path = Enums;
			sourceTree = "<group>";
		};
		0AA208281F17735200315FDC /* Structs */ = {
			isa = PBXGroup;
			children = (
			);
			path = Structs;
			sourceTree = "<group>";
		};
		0AA208311F1773B100315FDC /* SectionHeaderLabelCell */ = {
			isa = PBXGroup;
			children = (
				0AA208321F1773F000315FDC /* SectionHeaderLabelCell.swift */,
				0AA208331F1773F000315FDC /* SectionHeaderLabelCell.xib */,
			);
			path = SectionHeaderLabelCell;
			sourceTree = "<group>";
		};
		0AA208401F177F0800315FDC /* Base */ = {
			isa = PBXGroup;
			children = (
				0AA208431F177F4C00315FDC /* Contract */,
				0A3900D81F178DC600C4594E /* View */,
			);
			path = Base;
			sourceTree = "<group>";
		};
		0AA208431F177F4C00315FDC /* Contract */ = {
			isa = PBXGroup;
			children = (
				0A3900FE1F178FD200C4594E /* BaseContract.swift */,
			);
			path = Contract;
			sourceTree = "<group>";
		};
		0AB648571F45B83C00FA8D4F /* TemplateSwift3Tests */ = {
			isa = PBXGroup;
			children = (
				0AB6485A1F45B83C00FA8D4F /* Info.plist */,
				0AB648581F45B83C00FA8D4F /* TemplateSwift3Tests.swift */,
			);
			path = TemplateSwift3Tests;
			sourceTree = "<group>";
		};
		413D24031F32326F00AA7A65 /* NetworkModels */ = {
			isa = PBXGroup;
			children = (
				4169982E1F4887BC00F25519 /* EntityError.swift */,
				413D24041F32329D00AA7A65 /* PostDemoModel.swift */,
			);
			path = NetworkModels;
			sourceTree = "<group>";
		};
		416998341F48973300F25519 /* Enums */ = {
			isa = PBXGroup;
			children = (
				4169982C1F47691100F25519 /* NetworkError.swift */,
				0A22F2071F45795100628E70 /* JsonObject.swift */,
				413D24011F322F0C00AA7A65 /* Router.swift */,
				0A22F2051F45790000628E70 /* Result.swift */,
			);
			name = Enums;
			sourceTree = "<group>";
		};
		416998351F48973F00F25519 /* Protocols */ = {
			isa = PBXGroup;
			children = (
				0A22F2091F4579A400628E70 /* NetworkRequest.swift */,
				0AB6484E1F45B18C00FA8D4F /* JsonParser.swift */,
			);
			name = Protocols;
			sourceTree = "<group>";
		};
		C2976F7C18AFA7E9CB108341 /* Frameworks */ = {
			isa = PBXGroup;
			children = (
				0AF3CB0C0B8C8549FD0A003E /* Pods_TemplateSwift3.framework */,
				432C8E5230ED52F4A00BEA23 /* Pods_TemplateSwift3Tests.framework */,
			);
			name = Frameworks;
			sourceTree = "<group>";
		};
		C673058B0DF95B8FF3F65577 /* Pods */ = {
			isa = PBXGroup;
			children = (
				A7B826E67A88EBB144DA87A2 /* Pods-TemplateSwift3.debug.xcconfig */,
				97ADCAF06AD850025AC6042E /* Pods-TemplateSwift3.release.xcconfig */,
				B78846AA1B3859D907D883DD /* Pods-TemplateSwift3Tests.debug.xcconfig */,
				3D612730CC12FC3FEE9D131B /* Pods-TemplateSwift3Tests.release.xcconfig */,
			);
			name = Pods;
			sourceTree = "<group>";
		};
/* End PBXGroup section */

/* Begin PBXNativeTarget section */
		0AA207B51F175BC100315FDC /* TemplateSwift3 */ = {
			isa = PBXNativeTarget;
			buildConfigurationList = 0AA207DE1F175BC200315FDC /* Build configuration list for PBXNativeTarget "TemplateSwift3" */;
			buildPhases = (
				6CFCA4F49233B6BE34C2572B /* [CP] Check Pods Manifest.lock */,
				0AA207B21F175BC100315FDC /* Sources */,
				0AA207B31F175BC100315FDC /* Frameworks */,
				0AA207B41F175BC100315FDC /* Resources */,
				83C702E563BBB7D693DC63E4 /* [CP] Embed Pods Frameworks */,
				FD02BDB51C800D67636AB544 /* [CP] Copy Pods Resources */,
			);
			buildRules = (
			);
			dependencies = (
			);
			name = TemplateSwift3;
			productName = TemplateSwift3;
			productReference = 0AA207B61F175BC100315FDC /* TemplateSwift3.app */;
			productType = "com.apple.product-type.application";
		};
		0AB648551F45B83C00FA8D4F /* TemplateSwift3Tests */ = {
			isa = PBXNativeTarget;
			buildConfigurationList = 0AB6485D1F45B83C00FA8D4F /* Build configuration list for PBXNativeTarget "TemplateSwift3Tests" */;
			buildPhases = (
				74164A656784B9FD4F64E9A8 /* [CP] Check Pods Manifest.lock */,
				0AB648521F45B83C00FA8D4F /* Sources */,
				0AB648531F45B83C00FA8D4F /* Frameworks */,
				0AB648541F45B83C00FA8D4F /* Resources */,
				178BD83F79DB7727839C517B /* [CP] Embed Pods Frameworks */,
				D4CBB5A8123306BC176DE9A2 /* [CP] Copy Pods Resources */,
			);
			buildRules = (
			);
			dependencies = (
				0AB6485C1F45B83C00FA8D4F /* PBXTargetDependency */,
			);
			name = TemplateSwift3Tests;
			productName = TemplateSwift3Tests;
			productReference = 0AB648561F45B83C00FA8D4F /* TemplateSwift3Tests.xctest */;
			productType = "com.apple.product-type.bundle.unit-test";
		};
/* End PBXNativeTarget section */

/* Begin PBXProject section */
		0AA207AE1F175BC100315FDC /* Project object */ = {
			isa = PBXProject;
			attributes = {
				LastSwiftUpdateCheck = 0830;
				LastUpgradeCheck = 0830;
				ORGANIZATIONNAME = "Hipolito Arias";
				TargetAttributes = {
					0AA207B51F175BC100315FDC = {
						CreatedOnToolsVersion = 8.3.3;
						DevelopmentTeam = 4U72882THN;
						ProvisioningStyle = Automatic;
					};
					0AB648551F45B83C00FA8D4F = {
						CreatedOnToolsVersion = 8.3.3;
						DevelopmentTeam = 4U72882THN;
						ProvisioningStyle = Automatic;
						TestTargetID = 0AA207B51F175BC100315FDC;
					};
				};
			};
			buildConfigurationList = 0AA207B11F175BC100315FDC /* Build configuration list for PBXProject "TemplateSwift3" */;
			compatibilityVersion = "Xcode 3.2";
			developmentRegion = English;
			hasScannedForEncodings = 0;
			knownRegions = (
				en,
				Base,
			);
			mainGroup = 0AA207AD1F175BC100315FDC;
			productRefGroup = 0AA207B71F175BC100315FDC /* Products */;
			projectDirPath = "";
			projectRoot = "";
			targets = (
				0AA207B51F175BC100315FDC /* TemplateSwift3 */,
				0AB648551F45B83C00FA8D4F /* TemplateSwift3Tests */,
			);
		};
/* End PBXProject section */

/* Begin PBXResourcesBuildPhase section */
		0AA207B41F175BC100315FDC /* Resources */ = {
			isa = PBXResourcesBuildPhase;
			buildActionMask = 2147483647;
			files = (
				0AA207C41F175BC200315FDC /* LaunchScreen.storyboard in Resources */,
				0AA208351F1773F000315FDC /* SectionHeaderLabelCell.xib in Resources */,
				0AA208461F17804000315FDC /* Localizable.strings in Resources */,
				0AA207C11F175BC200315FDC /* Assets.xcassets in Resources */,
				0A9508FD1F17B7EA00581CE8 /* Splash.storyboard in Resources */,
			);
			runOnlyForDeploymentPostprocessing = 0;
		};
		0AB648541F45B83C00FA8D4F /* Resources */ = {
			isa = PBXResourcesBuildPhase;
			buildActionMask = 2147483647;
			files = (
			);
			runOnlyForDeploymentPostprocessing = 0;
		};
/* End PBXResourcesBuildPhase section */

/* Begin PBXShellScriptBuildPhase section */
		178BD83F79DB7727839C517B /* [CP] Embed Pods Frameworks */ = {
			isa = PBXShellScriptBuildPhase;
			buildActionMask = 2147483647;
			files = (
			);
			inputPaths = (
				"${SRCROOT}/Pods/Target Support Files/Pods-TemplateSwift3Tests/Pods-TemplateSwift3Tests-frameworks.sh",
				"${BUILT_PRODUCTS_DIR}/Mockingjay/Mockingjay.framework",
				"${BUILT_PRODUCTS_DIR}/Nimble/Nimble.framework",
				"${BUILT_PRODUCTS_DIR}/Quick/Quick.framework",
				"${BUILT_PRODUCTS_DIR}/URITemplate/URITemplate.framework",
			);
			name = "[CP] Embed Pods Frameworks";
			outputPaths = (
				"${TARGET_BUILD_DIR}/${FRAMEWORKS_FOLDER_PATH}/Mockingjay.framework",
				"${TARGET_BUILD_DIR}/${FRAMEWORKS_FOLDER_PATH}/Nimble.framework",
				"${TARGET_BUILD_DIR}/${FRAMEWORKS_FOLDER_PATH}/Quick.framework",
				"${TARGET_BUILD_DIR}/${FRAMEWORKS_FOLDER_PATH}/URITemplate.framework",
			);
			runOnlyForDeploymentPostprocessing = 0;
			shellPath = /bin/sh;
			shellScript = "\"${SRCROOT}/Pods/Target Support Files/Pods-TemplateSwift3Tests/Pods-TemplateSwift3Tests-frameworks.sh\"\n";
			showEnvVarsInLog = 0;
		};
		6CFCA4F49233B6BE34C2572B /* [CP] Check Pods Manifest.lock */ = {
			isa = PBXShellScriptBuildPhase;
			buildActionMask = 2147483647;
			files = (
			);
			inputPaths = (
				"${PODS_PODFILE_DIR_PATH}/Podfile.lock",
				"${PODS_ROOT}/Manifest.lock",
			);
			name = "[CP] Check Pods Manifest.lock";
			outputPaths = (
				"$(DERIVED_FILE_DIR)/Pods-TemplateSwift3-checkManifestLockResult.txt",
			);
			runOnlyForDeploymentPostprocessing = 0;
			shellPath = /bin/sh;
			shellScript = "diff \"${PODS_PODFILE_DIR_PATH}/Podfile.lock\" \"${PODS_ROOT}/Manifest.lock\" > /dev/null\nif [ $? != 0 ] ; then\n    # print error to STDERR\n    echo \"error: The sandbox is not in sync with the Podfile.lock. Run 'pod install' or update your CocoaPods installation.\" >&2\n    exit 1\nfi\n# This output is used by Xcode 'outputs' to avoid re-running this script phase.\necho \"SUCCESS\" > \"${SCRIPT_OUTPUT_FILE_0}\"\n";
			showEnvVarsInLog = 0;
		};
		74164A656784B9FD4F64E9A8 /* [CP] Check Pods Manifest.lock */ = {
			isa = PBXShellScriptBuildPhase;
			buildActionMask = 2147483647;
			files = (
			);
			inputPaths = (
				"${PODS_PODFILE_DIR_PATH}/Podfile.lock",
				"${PODS_ROOT}/Manifest.lock",
			);
			name = "[CP] Check Pods Manifest.lock";
			outputPaths = (
				"$(DERIVED_FILE_DIR)/Pods-TemplateSwift3Tests-checkManifestLockResult.txt",
			);
			runOnlyForDeploymentPostprocessing = 0;
			shellPath = /bin/sh;
			shellScript = "diff \"${PODS_PODFILE_DIR_PATH}/Podfile.lock\" \"${PODS_ROOT}/Manifest.lock\" > /dev/null\nif [ $? != 0 ] ; then\n    # print error to STDERR\n    echo \"error: The sandbox is not in sync with the Podfile.lock. Run 'pod install' or update your CocoaPods installation.\" >&2\n    exit 1\nfi\n# This output is used by Xcode 'outputs' to avoid re-running this script phase.\necho \"SUCCESS\" > \"${SCRIPT_OUTPUT_FILE_0}\"\n";
			showEnvVarsInLog = 0;
		};
		83C702E563BBB7D693DC63E4 /* [CP] Embed Pods Frameworks */ = {
			isa = PBXShellScriptBuildPhase;
			buildActionMask = 2147483647;
			files = (
			);
			inputPaths = (
				"${SRCROOT}/Pods/Target Support Files/Pods-TemplateSwift3/Pods-TemplateSwift3-frameworks.sh",
				"${BUILT_PRODUCTS_DIR}/Alamofire/Alamofire.framework",
				"${BUILT_PRODUCTS_DIR}/AlamofireImage/AlamofireImage.framework",
				"${BUILT_PRODUCTS_DIR}/KeychainAccess/KeychainAccess.framework",
				"${BUILT_PRODUCTS_DIR}/Localize-Swift/Localize_Swift.framework",
				"${BUILT_PRODUCTS_DIR}/MBProgressHUD/MBProgressHUD.framework",
				"${BUILT_PRODUCTS_DIR}/NextResponderTextField/NextResponderTextField.framework",
				"${BUILT_PRODUCTS_DIR}/ObjectMapper/ObjectMapper.framework",
				"${BUILT_PRODUCTS_DIR}/UIColor_Hex_Swift/UIColor_Hex_Swift.framework",
			);
			name = "[CP] Embed Pods Frameworks";
			outputPaths = (
				"${TARGET_BUILD_DIR}/${FRAMEWORKS_FOLDER_PATH}/Alamofire.framework",
				"${TARGET_BUILD_DIR}/${FRAMEWORKS_FOLDER_PATH}/AlamofireImage.framework",
				"${TARGET_BUILD_DIR}/${FRAMEWORKS_FOLDER_PATH}/KeychainAccess.framework",
				"${TARGET_BUILD_DIR}/${FRAMEWORKS_FOLDER_PATH}/Localize_Swift.framework",
				"${TARGET_BUILD_DIR}/${FRAMEWORKS_FOLDER_PATH}/MBProgressHUD.framework",
				"${TARGET_BUILD_DIR}/${FRAMEWORKS_FOLDER_PATH}/NextResponderTextField.framework",
				"${TARGET_BUILD_DIR}/${FRAMEWORKS_FOLDER_PATH}/ObjectMapper.framework",
				"${TARGET_BUILD_DIR}/${FRAMEWORKS_FOLDER_PATH}/UIColor_Hex_Swift.framework",
			);
			runOnlyForDeploymentPostprocessing = 0;
			shellPath = /bin/sh;
			shellScript = "\"${SRCROOT}/Pods/Target Support Files/Pods-TemplateSwift3/Pods-TemplateSwift3-frameworks.sh\"\n";
			showEnvVarsInLog = 0;
		};
		D4CBB5A8123306BC176DE9A2 /* [CP] Copy Pods Resources */ = {
			isa = PBXShellScriptBuildPhase;
			buildActionMask = 2147483647;
			files = (
			);
			inputPaths = (
			);
			name = "[CP] Copy Pods Resources";
			outputPaths = (
			);
			runOnlyForDeploymentPostprocessing = 0;
			shellPath = /bin/sh;
			shellScript = "\"${SRCROOT}/Pods/Target Support Files/Pods-TemplateSwift3Tests/Pods-TemplateSwift3Tests-resources.sh\"\n";
			showEnvVarsInLog = 0;
		};
		FD02BDB51C800D67636AB544 /* [CP] Copy Pods Resources */ = {
			isa = PBXShellScriptBuildPhase;
			buildActionMask = 2147483647;
			files = (
			);
			inputPaths = (
			);
			name = "[CP] Copy Pods Resources";
			outputPaths = (
			);
			runOnlyForDeploymentPostprocessing = 0;
			shellPath = /bin/sh;
			shellScript = "\"${SRCROOT}/Pods/Target Support Files/Pods-TemplateSwift3/Pods-TemplateSwift3-resources.sh\"\n";
			showEnvVarsInLog = 0;
		};
/* End PBXShellScriptBuildPhase section */

/* Begin PBXSourcesBuildPhase section */
		0AA207B21F175BC100315FDC /* Sources */ = {
			isa = PBXSourcesBuildPhase;
			buildActionMask = 2147483647;
			files = (
				0AA208021F17690100315FDC /* String.swift in Sources */,
				0AB648611F45BFA500FA8D4F /* UIImageView.swift in Sources */,
				0AA2081B1F1771DD00315FDC /* UITableViewCell.swift in Sources */,
				0A9508F61F1792C100581CE8 /* SplashInteractor.swift in Sources */,
				0AA208131F1770F800315FDC /* UIColor+Pallet.swift in Sources */,
				0AA208241F1772EF00315FDC /* RoundedTextField.swift in Sources */,
				0A9508F51F1792C100581CE8 /* SplashContract.swift in Sources */,
				0AA208171F17716B00315FDC /* UIImage+Icons.swift in Sources */,
				0AB6484F1F45B18C00FA8D4F /* JsonParser.swift in Sources */,
				0AA208421F177F1A00315FDC /* BaseViewController.swift in Sources */,
				0AA2081D1F17720900315FDC /* UITextField+Border.swift in Sources */,
				4169982F1F4887BC00F25519 /* EntityError.swift in Sources */,
				0AA208111F17702800315FDC /* Constants.swift in Sources */,
				413D24051F32329D00AA7A65 /* PostDemoModel.swift in Sources */,
				0AA207F91F17667F00315FDC /* ValidationHelper.swift in Sources */,
				0A22F2081F45795100628E70 /* JsonObject.swift in Sources */,
				0A9508F71F1792C100581CE8 /* SplashPresenter.swift in Sources */,
				413D24021F322F0C00AA7A65 /* Router.swift in Sources */,
				0AA208001F17685400315FDC /* ReusableView.swift in Sources */,
				0A9508F81F1792C100581CE8 /* SplashRouter.swift in Sources */,
				0A22F20E1F4580AB00628E70 /* DemoAdapter.swift in Sources */,
				0AA208061F176E1400315FDC /* NSNumber.swift in Sources */,
				0AA208341F1773F000315FDC /* SectionHeaderLabelCell.swift in Sources */,
				0AA208261F17730900315FDC /* SimpleCircle.swift in Sources */,
				0A9508EF1F17921400581CE8 /* StoryboardLoadable.swift in Sources */,
				4169982D1F47691100F25519 /* NetworkError.swift in Sources */,
				0AA208151F17714900315FDC /* UIFont+Utils.swift in Sources */,
				0A3900D71F178CBE00C4594E /* RootRouter.swift in Sources */,
				0A39011F1F17918A00C4594E /* UIStoryboard.swift in Sources */,
				0AA208221F1772B700315FDC /* InverterButton.swift in Sources */,
				0AA207FB1F17677900315FDC /* UIAlertController.swift in Sources */,
				0A22F2061F45790000628E70 /* Result.swift in Sources */,
				0AA2080A1F176EC500315FDC /* UITableView.swift in Sources */,
				0AA208371F17780800315FDC /* Keychain.swift in Sources */,
				0A3900FF1F178FD200C4594E /* BaseContract.swift in Sources */,
				0AA2080C1F176EE400315FDC /* NibLoadableView.swift in Sources */,
				0AA207FD1F17681600315FDC /* UIViewController.swift in Sources */,
				0A22F20C1F4579EC00628E70 /* RealNetworkRequest.swift in Sources */,
				0AA208041F176DF000315FDC /* Error.swift in Sources */,
				416998311F4889D100F25519 /* Data.swift in Sources */,
				0A22F20A1F4579A400628E70 /* NetworkRequest.swift in Sources */,
				0AA2081F1F17721F00315FDC /* UIView.swift in Sources */,
				0AA207BA1F175BC100315FDC /* AppDelegate.swift in Sources */,
				0A9508F91F1792C100581CE8 /* SplashViewController.swift in Sources */,
				0AC73D281F17D1E600D7C808 /* SessionManager.swift in Sources */,
				0AA77DC91F30ABF10048ACB1 /* NSError.swift in Sources */,
			);
			runOnlyForDeploymentPostprocessing = 0;
		};
		0AB648521F45B83C00FA8D4F /* Sources */ = {
			isa = PBXSourcesBuildPhase;
			buildActionMask = 2147483647;
			files = (
				0AB648591F45B83C00FA8D4F /* TemplateSwift3Tests.swift in Sources */,
			);
			runOnlyForDeploymentPostprocessing = 0;
		};
/* End PBXSourcesBuildPhase section */

/* Begin PBXTargetDependency section */
		0AB6485C1F45B83C00FA8D4F /* PBXTargetDependency */ = {
			isa = PBXTargetDependency;
			target = 0AA207B51F175BC100315FDC /* TemplateSwift3 */;
			targetProxy = 0AB6485B1F45B83C00FA8D4F /* PBXContainerItemProxy */;
		};
/* End PBXTargetDependency section */

/* Begin PBXVariantGroup section */
		0AA207C21F175BC200315FDC /* LaunchScreen.storyboard */ = {
			isa = PBXVariantGroup;
			children = (
				0AA207C31F175BC200315FDC /* Base */,
			);
			name = LaunchScreen.storyboard;
			path = .;
			sourceTree = "<group>";
		};
		0AA208481F17804000315FDC /* Localizable.strings */ = {
			isa = PBXVariantGroup;
			children = (
				0AA208491F17804200315FDC /* Base */,
				0AA208471F17804000315FDC /* en */,
			);
			name = Localizable.strings;
			path = .;
			sourceTree = "<group>";
		};
/* End PBXVariantGroup section */

/* Begin XCBuildConfiguration section */
		0AA207DC1F175BC200315FDC /* Debug */ = {
			isa = XCBuildConfiguration;
			buildSettings = {
				ALWAYS_SEARCH_USER_PATHS = NO;
				CLANG_ANALYZER_LOCALIZABILITY_NONLOCALIZED = YES;
				CLANG_ANALYZER_NONNULL = YES;
				CLANG_ANALYZER_NUMBER_OBJECT_CONVERSION = YES_AGGRESSIVE;
				CLANG_CXX_LANGUAGE_STANDARD = "gnu++0x";
				CLANG_CXX_LIBRARY = "libc++";
				CLANG_ENABLE_MODULES = YES;
				CLANG_ENABLE_OBJC_ARC = YES;
				CLANG_WARN_BOOL_CONVERSION = YES;
				CLANG_WARN_CONSTANT_CONVERSION = YES;
				CLANG_WARN_DIRECT_OBJC_ISA_USAGE = YES_ERROR;
				CLANG_WARN_DOCUMENTATION_COMMENTS = YES;
				CLANG_WARN_EMPTY_BODY = YES;
				CLANG_WARN_ENUM_CONVERSION = YES;
				CLANG_WARN_INFINITE_RECURSION = YES;
				CLANG_WARN_INT_CONVERSION = YES;
				CLANG_WARN_OBJC_ROOT_CLASS = YES_ERROR;
				CLANG_WARN_SUSPICIOUS_MOVE = YES;
				CLANG_WARN_UNREACHABLE_CODE = YES;
				CLANG_WARN__DUPLICATE_METHOD_MATCH = YES;
				"CODE_SIGN_IDENTITY[sdk=iphoneos*]" = "iPhone Developer";
				COPY_PHASE_STRIP = NO;
				DEBUG_INFORMATION_FORMAT = dwarf;
				ENABLE_STRICT_OBJC_MSGSEND = YES;
				ENABLE_TESTABILITY = YES;
				GCC_C_LANGUAGE_STANDARD = gnu99;
				GCC_DYNAMIC_NO_PIC = NO;
				GCC_NO_COMMON_BLOCKS = YES;
				GCC_OPTIMIZATION_LEVEL = 0;
				GCC_PREPROCESSOR_DEFINITIONS = (
					"DEBUG=1",
					"$(inherited)",
				);
				GCC_WARN_64_TO_32_BIT_CONVERSION = YES;
				GCC_WARN_ABOUT_RETURN_TYPE = YES_ERROR;
				GCC_WARN_UNDECLARED_SELECTOR = YES;
				GCC_WARN_UNINITIALIZED_AUTOS = YES_AGGRESSIVE;
				GCC_WARN_UNUSED_FUNCTION = YES;
				GCC_WARN_UNUSED_VARIABLE = YES;
				IPHONEOS_DEPLOYMENT_TARGET = 10.3;
				MTL_ENABLE_DEBUG_INFO = YES;
				ONLY_ACTIVE_ARCH = YES;
				SDKROOT = iphoneos;
				SWIFT_ACTIVE_COMPILATION_CONDITIONS = DEBUG;
				SWIFT_OPTIMIZATION_LEVEL = "-Onone";
				TARGETED_DEVICE_FAMILY = "1,2";
			};
			name = Debug;
		};
		0AA207DD1F175BC200315FDC /* Release */ = {
			isa = XCBuildConfiguration;
			buildSettings = {
				ALWAYS_SEARCH_USER_PATHS = NO;
				CLANG_ANALYZER_LOCALIZABILITY_NONLOCALIZED = YES;
				CLANG_ANALYZER_NONNULL = YES;
				CLANG_ANALYZER_NUMBER_OBJECT_CONVERSION = YES_AGGRESSIVE;
				CLANG_CXX_LANGUAGE_STANDARD = "gnu++0x";
				CLANG_CXX_LIBRARY = "libc++";
				CLANG_ENABLE_MODULES = YES;
				CLANG_ENABLE_OBJC_ARC = YES;
				CLANG_WARN_BOOL_CONVERSION = YES;
				CLANG_WARN_CONSTANT_CONVERSION = YES;
				CLANG_WARN_DIRECT_OBJC_ISA_USAGE = YES_ERROR;
				CLANG_WARN_DOCUMENTATION_COMMENTS = YES;
				CLANG_WARN_EMPTY_BODY = YES;
				CLANG_WARN_ENUM_CONVERSION = YES;
				CLANG_WARN_INFINITE_RECURSION = YES;
				CLANG_WARN_INT_CONVERSION = YES;
				CLANG_WARN_OBJC_ROOT_CLASS = YES_ERROR;
				CLANG_WARN_SUSPICIOUS_MOVE = YES;
				CLANG_WARN_UNREACHABLE_CODE = YES;
				CLANG_WARN__DUPLICATE_METHOD_MATCH = YES;
				"CODE_SIGN_IDENTITY[sdk=iphoneos*]" = "iPhone Developer";
				COPY_PHASE_STRIP = NO;
				DEBUG_INFORMATION_FORMAT = "dwarf-with-dsym";
				ENABLE_NS_ASSERTIONS = NO;
				ENABLE_STRICT_OBJC_MSGSEND = YES;
				GCC_C_LANGUAGE_STANDARD = gnu99;
				GCC_NO_COMMON_BLOCKS = YES;
				GCC_WARN_64_TO_32_BIT_CONVERSION = YES;
				GCC_WARN_ABOUT_RETURN_TYPE = YES_ERROR;
				GCC_WARN_UNDECLARED_SELECTOR = YES;
				GCC_WARN_UNINITIALIZED_AUTOS = YES_AGGRESSIVE;
				GCC_WARN_UNUSED_FUNCTION = YES;
				GCC_WARN_UNUSED_VARIABLE = YES;
				IPHONEOS_DEPLOYMENT_TARGET = 10.3;
				MTL_ENABLE_DEBUG_INFO = NO;
				SDKROOT = iphoneos;
				SWIFT_OPTIMIZATION_LEVEL = "-Owholemodule";
				TARGETED_DEVICE_FAMILY = "1,2";
				VALIDATE_PRODUCT = YES;
			};
			name = Release;
		};
		0AA207DF1F175BC200315FDC /* Debug */ = {
			isa = XCBuildConfiguration;
			baseConfigurationReference = A7B826E67A88EBB144DA87A2 /* Pods-TemplateSwift3.debug.xcconfig */;
			buildSettings = {
				ALWAYS_EMBED_SWIFT_STANDARD_LIBRARIES = YES;
				ASSETCATALOG_COMPILER_APPICON_NAME = AppIcon;
				DEVELOPMENT_TEAM = 4U72882THN;
				INFOPLIST_FILE = TemplateSwift3/Info.plist;
				LD_RUNPATH_SEARCH_PATHS = "$(inherited) @executable_path/Frameworks";
				PRODUCT_BUNDLE_IDENTIFIER = com.hipolitoarias.TemplateSwift3;
				PRODUCT_NAME = "$(TARGET_NAME)";
				SWIFT_VERSION = 3.0;
			};
			name = Debug;
		};
		0AA207E01F175BC200315FDC /* Release */ = {
			isa = XCBuildConfiguration;
			baseConfigurationReference = 97ADCAF06AD850025AC6042E /* Pods-TemplateSwift3.release.xcconfig */;
			buildSettings = {
				ALWAYS_EMBED_SWIFT_STANDARD_LIBRARIES = YES;
				ASSETCATALOG_COMPILER_APPICON_NAME = AppIcon;
				DEVELOPMENT_TEAM = 4U72882THN;
				INFOPLIST_FILE = TemplateSwift3/Info.plist;
				LD_RUNPATH_SEARCH_PATHS = "$(inherited) @executable_path/Frameworks";
				PRODUCT_BUNDLE_IDENTIFIER = com.hipolitoarias.TemplateSwift3;
				PRODUCT_NAME = "$(TARGET_NAME)";
				SWIFT_VERSION = 3.0;
			};
			name = Release;
		};
		0AB6485E1F45B83C00FA8D4F /* Debug */ = {
			isa = XCBuildConfiguration;
			baseConfigurationReference = B78846AA1B3859D907D883DD /* Pods-TemplateSwift3Tests.debug.xcconfig */;
			buildSettings = {
				BUNDLE_LOADER = "$(TEST_HOST)";
				DEVELOPMENT_TEAM = 4U72882THN;
				INFOPLIST_FILE = TemplateSwift3Tests/Info.plist;
				LD_RUNPATH_SEARCH_PATHS = "$(inherited) @executable_path/Frameworks @loader_path/Frameworks";
				PRODUCT_BUNDLE_IDENTIFIER = com.hipolitoarias.TemplateSwift3Tests;
				PRODUCT_NAME = "$(TARGET_NAME)";
				SWIFT_VERSION = 3.0;
				TEST_HOST = "$(BUILT_PRODUCTS_DIR)/TemplateSwift3.app/TemplateSwift3";
			};
			name = Debug;
		};
		0AB6485F1F45B83C00FA8D4F /* Release */ = {
			isa = XCBuildConfiguration;
			baseConfigurationReference = 3D612730CC12FC3FEE9D131B /* Pods-TemplateSwift3Tests.release.xcconfig */;
			buildSettings = {
				BUNDLE_LOADER = "$(TEST_HOST)";
				DEVELOPMENT_TEAM = 4U72882THN;
				INFOPLIST_FILE = TemplateSwift3Tests/Info.plist;
				LD_RUNPATH_SEARCH_PATHS = "$(inherited) @executable_path/Frameworks @loader_path/Frameworks";
				PRODUCT_BUNDLE_IDENTIFIER = com.hipolitoarias.TemplateSwift3Tests;
				PRODUCT_NAME = "$(TARGET_NAME)";
				SWIFT_VERSION = 3.0;
				TEST_HOST = "$(BUILT_PRODUCTS_DIR)/TemplateSwift3.app/TemplateSwift3";
			};
			name = Release;
		};
/* End XCBuildConfiguration section */

/* Begin XCConfigurationList section */
		0AA207B11F175BC100315FDC /* Build configuration list for PBXProject "TemplateSwift3" */ = {
			isa = XCConfigurationList;
			buildConfigurations = (
				0AA207DC1F175BC200315FDC /* Debug */,
				0AA207DD1F175BC200315FDC /* Release */,
			);
			defaultConfigurationIsVisible = 0;
			defaultConfigurationName = Release;
		};
		0AA207DE1F175BC200315FDC /* Build configuration list for PBXNativeTarget "TemplateSwift3" */ = {
			isa = XCConfigurationList;
			buildConfigurations = (
				0AA207DF1F175BC200315FDC /* Debug */,
				0AA207E01F175BC200315FDC /* Release */,
			);
			defaultConfigurationIsVisible = 0;
			defaultConfigurationName = Release;
		};
		0AB6485D1F45B83C00FA8D4F /* Build configuration list for PBXNativeTarget "TemplateSwift3Tests" */ = {
			isa = XCConfigurationList;
			buildConfigurations = (
				0AB6485E1F45B83C00FA8D4F /* Debug */,
				0AB6485F1F45B83C00FA8D4F /* Release */,
			);
			defaultConfigurationIsVisible = 0;
			defaultConfigurationName = Release;
		};
/* End XCConfigurationList section */
	};
	rootObject = 0AA207AE1F175BC100315FDC /* Project object */;
}
